# generated by rye
# use `rye lock` or `rye sync` to update this lockfile
#
# last locked with the following flags:
#   pre: false
#   features: []
#   all-features: false
#   with-sources: false
#   generate-hashes: false

-e file:.
attrs==23.2.0
    # via outcome
    # via trio
beautifulsoup4==4.12.3
    # via bs4
bs4==0.0.2
    # via spotify-to-beatport
certifi==2024.6.2
    # via requests
    # via selenium
charset-normalizer==3.3.2
    # via requests
chromedriver-binary==126.0.6478.126.0
    # via spotify-to-beatport
h11==0.14.0
    # via wsproto
idna==3.7
    # via requests
    # via trio
lxml==5.2.2
    # via spotify-to-beatport
mypy==1.10.1
    # via spotify-to-beatport
mypy-extensions==1.0.0
    # via mypy
outcome==1.3.0.post0
    # via trio
pysocks==1.7.1
    # via urllib3
python-dotenv==1.0.1
    # via spotify-to-beatport
redis==5.0.6
    # via spotipy
requests==2.32.3
    # via spotify-to-beatport
    # via spotipy
selenium==4.22.0
    # via spotify-to-beatport
sniffio==1.3.1
    # via trio
sortedcontainers==2.4.0
    # via trio
soupsieve==2.5
    # via beautifulsoup4
spotipy==2.24.0
    # via spotify-to-beatport
trio==0.25.1
    # via selenium
    # via trio-websocket
trio-websocket==0.11.1
    # via selenium
types-selenium==3.141.9
    # via spotify-to-beatport
typing-extensions==4.12.2
    # via mypy
    # via selenium
urllib3==2.2.2
    # via requests
    # via selenium
    # via spotipy
websocket-client==1.8.0
    # via selenium
wsproto==1.2.0
    # via trio-websocket
